
Microsoft Visual Studio Solution File, Format Version 12.00
# Visual Studio Version 17
VisualStudioVersion = 17.7.34024.191
MinimumVisualStudioVersion = 10.0.40219.1
Project("{9A19103F-16F7-4668-BE54-9A1E7A4F7556}") = "Jewellery Shop", "Jewellery Shop\Jewellery Shop.csproj", "{C47AD149-1C5F-4469-8D80-E1B838C4E3D7}"
EndProject
Project("{2150E333-8FDC-42A3-9474-1A3956D46DE8}") = "NewFolder1", "NewFolder1", "{C7EF3065-D6AB-44D8-A400-539C9D1FA17A}"
EndProject
Global
	GlobalSection(SolutionConfigurationPlatforms) = preSolution
		Debug|Any CPU = Debug|Any CPU
		Release|Any CPU = Release|Any CPU
	EndGlobalSection
	GlobalSection(ProjectConfigurationPlatforms) = postSolution
		{C47AD149-1C5F-4469-8D80-E1B838C4E3D7}.Debug|Any CPU.ActiveCfg = Debug|Any CPU
		{C47AD149-1C5F-4469-8D80-E1B838C4E3D7}.Debug|Any CPU.Build.0 = Debug|Any CPU
		{C47AD149-1C5F-4469-8D80-E1B838C4E3D7}.Release|Any CPU.ActiveCfg = Release|Any CPU
		{C47AD149-1C5F-4469-8D80-E1B838C4E3D7}.Release|Any CPU.Build.0 = Release|Any CPU
	EndGlobalSection
	GlobalSection(SolutionProperties) = preSolution
		HideSolutionNode = FALSE
	EndGlobalSection
	GlobalSection(ExtensibilityGlobals) = postSolution
		SolutionGuid = {56AFE790-9A11-4B54-8069-A5000EDDFD58}
	EndGlobalSection
EndGlobal
